
Microsoft Visual Studio Solution File, Format Version 12.00
# Visual Studio Version 17
VisualStudioVersion = 17.5.33414.496
MinimumVisualStudioVersion = 10.0.40219.1
Project("{FAE04EC0-301F-11D3-BF4B-00C04F79EFBC}") = "tp_mod6_1302213108", "tp_mod6_1302213108\tp_mod6_1302213108.csproj", "{F8712473-77EF-460D-B071-A833D6DD5856}"
EndProject
Global
	GlobalSection(SolutionConfigurationPlatforms) = preSolution
		Debug|Any CPU = Debug|Any CPU
		Release|Any CPU = Release|Any CPU
	EndGlobalSection
	GlobalSection(ProjectConfigurationPlatforms) = postSolution
		{F8712473-77EF-460D-B071-A833D6DD5856}.Debug|Any CPU.ActiveCfg = Debug|Any CPU
		{F8712473-77EF-460D-B071-A833D6DD5856}.Debug|Any CPU.Build.0 = Debug|Any CPU
		{F8712473-77EF-460D-B071-A833D6DD5856}.Release|Any CPU.ActiveCfg = Release|Any CPU
		{F8712473-77EF-460D-B071-A833D6DD5856}.Release|Any CPU.Build.0 = Release|Any CPU
	EndGlobalSection
	GlobalSection(SolutionProperties) = preSolution
		HideSolutionNode = FALSE
	EndGlobalSection
	GlobalSection(ExtensibilityGlobals) = postSolution
		SolutionGuid = {1708D953-CBD0-4E92-84BE-7FF2C806FC5A}
	EndGlobalSection
EndGlobal
